// !$*UTF8*$!
{
	archiveVersion = 1;
	classes = {
	};
	objectVersion = 50;
	objects = {

/* Begin PBXBuildFile section */
		6800074E2488D19000FF75DE /* PaintingliteCUDOptions.m in Sources */ = {isa = PBXBuildFile; fileRef = 6800074D2488D19000FF75DE /* PaintingliteCUDOptions.m */; };
		680969332481007A00048369 /* PaintingliteTableOptions.m in Sources */ = {isa = PBXBuildFile; fileRef = 680969322481007A00048369 /* PaintingliteTableOptions.m */; };
		6812B9BD24A59E920091C5EE /* LOGO.txt in Resources */ = {isa = PBXBuildFile; fileRef = 6812B9BC24A59E920091C5EE /* LOGO.txt */; };
		68194BE024CC31E400E57E54 /* user.xml in Resources */ = {isa = PBXBuildFile; fileRef = 68194BDF24CC31E300E57E54 /* user.xml */; };
		68194BE324CC565E00E57E54 /* Eletest.m in Sources */ = {isa = PBXBuildFile; fileRef = 68194BE224CC565E00E57E54 /* Eletest.m */; };
		68275F0A2489392F008DE2A9 /* PaintingliteSnapManager.m in Sources */ = {isa = PBXBuildFile; fileRef = 68275F092489392F008DE2A9 /* PaintingliteSnapManager.m */; };
		6846BC102484DD5E00887A5C /* PaintingliteTableOptionsSelectPQL.m in Sources */ = {isa = PBXBuildFile; fileRef = 6846BC0F2484DD5E00887A5C /* PaintingliteTableOptionsSelectPQL.m */; };
		6879F980248E66F300E66ABB /* PaintingliteCascadeShowerIUD.m in Sources */ = {isa = PBXBuildFile; fileRef = 6879F97F248E66F300E66ABB /* PaintingliteCascadeShowerIUD.m */; };
		6883B28A24CC2E0500BAA3C2 /* XMLReader.m in Sources */ = {isa = PBXBuildFile; fileRef = 6883B28824CC2E0500BAA3C2 /* XMLReader.m */; };
		6883B28D24CC2F6400BAA3C2 /* PaintingliteXMLSessionManager.m in Sources */ = {isa = PBXBuildFile; fileRef = 6883B28C24CC2F6400BAA3C2 /* PaintingliteXMLSessionManager.m */; };
		6888B26C24B9BF61003345D9 /* PaintingliteFileManager.m in Sources */ = {isa = PBXBuildFile; fileRef = 6888B26B24B9BF61003345D9 /* PaintingliteFileManager.m */; };
		6888B26F24B9DBFA003345D9 /* PaintingliteCache.m in Sources */ = {isa = PBXBuildFile; fileRef = 6888B26E24B9DBFA003345D9 /* PaintingliteCache.m */; };
		689E0677247EA79300D6DF95 /* PaintingliteSecurity.m in Sources */ = {isa = PBXBuildFile; fileRef = 689E0676247EA79300D6DF95 /* PaintingliteSecurity.m */; };
		689E067A247EACD000D6DF95 /* PaintingliteDataBaseOptions.m in Sources */ = {isa = PBXBuildFile; fileRef = 689E0679247EACD000D6DF95 /* PaintingliteDataBaseOptions.m */; };
		68A1F058247F9CBF0091EAFB /* PaintingliteExec.m in Sources */ = {isa = PBXBuildFile; fileRef = 68A1F057247F9CBF0091EAFB /* PaintingliteExec.m */; };
		68B20F1424D40531007522BA /* Bus.m in Sources */ = {isa = PBXBuildFile; fileRef = 68B20F1324D40531007522BA /* Bus.m */; };
		68B84AA02497B9410021CFC2 /* PaintingliteSplitTable.m in Sources */ = {isa = PBXBuildFile; fileRef = 68B84A9F2497B9410021CFC2 /* PaintingliteSplitTable.m */; };
		68C2F0A8248B8ECB007ADEB0 /* PaintingliteBackUpManager.m in Sources */ = {isa = PBXBuildFile; fileRef = 68C2F0A7248B8ECB007ADEB0 /* PaintingliteBackUpManager.m */; };
		68C49C782538361E0038A2C3 /* MobileInfo.plist in Resources */ = {isa = PBXBuildFile; fileRef = 68C49C772538361E0038A2C3 /* MobileInfo.plist */; };
		68CE9DBF2483505E00B96DC3 /* PaintingliteTransaction.m in Sources */ = {isa = PBXBuildFile; fileRef = 68CE9DBE2483505E00B96DC3 /* PaintingliteTransaction.m */; };
		68CF58A42484D36C0035F188 /* PaintingliteTableOptionsSelect.m in Sources */ = {isa = PBXBuildFile; fileRef = 68CF58A32484D36C0035F188 /* PaintingliteTableOptionsSelect.m */; };
		68CF869D24809DC000755126 /* PaintingliteException.m in Sources */ = {isa = PBXBuildFile; fileRef = 68CF869C24809DC000755126 /* PaintingliteException.m */; };
		68D5030724A1E9E0004EC32D /* PaintinglitePressureOS.m in Sources */ = {isa = PBXBuildFile; fileRef = 68D5030624A1E9E0004EC32D /* PaintinglitePressureOS.m */; };
		68D6B431248DF72E008A2CD6 /* libsqlite3.tbd in Frameworks */ = {isa = PBXBuildFile; fileRef = 68DE995B247C9C4D0078EDD5 /* libsqlite3.tbd */; };
		68D6B434248DFB32008A2CD6 /* PaintingliteAggregateFunc.m in Sources */ = {isa = PBXBuildFile; fileRef = 68D6B433248DFB32008A2CD6 /* PaintingliteAggregateFunc.m */; };
		68D7BB60247FE56500AB994A /* PaintingliteObjRuntimeProperty.m in Sources */ = {isa = PBXBuildFile; fileRef = 68D7BB5F247FE56500AB994A /* PaintingliteObjRuntimeProperty.m */; };
		68DCAAEF2533577100D67C86 /* SSZipArchive.m in Sources */ = {isa = PBXBuildFile; fileRef = 68DCAAEB2533577000D67C86 /* SSZipArchive.m */; };
		68DCAAFA2533578900D67C86 /* unzip.m in Sources */ = {isa = PBXBuildFile; fileRef = 68DCAAF12533578900D67C86 /* unzip.m */; };
		68DCAAFB2533578900D67C86 /* zip.m in Sources */ = {isa = PBXBuildFile; fileRef = 68DCAAF22533578900D67C86 /* zip.m */; };
		68DCAAFC2533578900D67C86 /* ioapi.m in Sources */ = {isa = PBXBuildFile; fileRef = 68DCAAF32533578900D67C86 /* ioapi.m */; };
		68DCAAFD2533578900D67C86 /* mztools.m in Sources */ = {isa = PBXBuildFile; fileRef = 68DCAAF42533578900D67C86 /* mztools.m */; };
		68DCAB142533579400D67C86 /* aeskey.m in Sources */ = {isa = PBXBuildFile; fileRef = 68DCAAFF2533579400D67C86 /* aeskey.m */; };
		68DCAB152533579400D67C86 /* hmac.m in Sources */ = {isa = PBXBuildFile; fileRef = 68DCAB012533579400D67C86 /* hmac.m */; };
		68DCAB162533579400D67C86 /* aescrypt.m in Sources */ = {isa = PBXBuildFile; fileRef = 68DCAB042533579400D67C86 /* aescrypt.m */; };
		68DCAB172533579400D67C86 /* fileenc.m in Sources */ = {isa = PBXBuildFile; fileRef = 68DCAB052533579400D67C86 /* fileenc.m */; };
		68DCAB182533579400D67C86 /* sha1.m in Sources */ = {isa = PBXBuildFile; fileRef = 68DCAB082533579400D67C86 /* sha1.m */; };
		68DCAB192533579400D67C86 /* prng.m in Sources */ = {isa = PBXBuildFile; fileRef = 68DCAB0E2533579400D67C86 /* prng.m */; };
		68DCAB1A2533579400D67C86 /* pwd2key.m in Sources */ = {isa = PBXBuildFile; fileRef = 68DCAB0F2533579400D67C86 /* pwd2key.m */; };
		68DCAB1B2533579400D67C86 /* aestab.m in Sources */ = {isa = PBXBuildFile; fileRef = 68DCAB102533579400D67C86 /* aestab.m */; };
		68DCAB1C2533579400D67C86 /* entropy.m in Sources */ = {isa = PBXBuildFile; fileRef = 68DCAB132533579400D67C86 /* entropy.m */; };
		68DE9926247C9B6A0078EDD5 /* AppDelegate.m in Sources */ = {isa = PBXBuildFile; fileRef = 68DE9925247C9B6A0078EDD5 /* AppDelegate.m */; };
		68DE9929247C9B6A0078EDD5 /* ViewController.m in Sources */ = {isa = PBXBuildFile; fileRef = 68DE9928247C9B6A0078EDD5 /* ViewController.m */; };
		68DE992C247C9B6A0078EDD5 /* Main.storyboard in Resources */ = {isa = PBXBuildFile; fileRef = 68DE992A247C9B6A0078EDD5 /* Main.storyboard */; };
		68DE992E247C9B6C0078EDD5 /* Assets.xcassets in Resources */ = {isa = PBXBuildFile; fileRef = 68DE992D247C9B6C0078EDD5 /* Assets.xcassets */; };
		68DE9931247C9B6C0078EDD5 /* LaunchScreen.storyboard in Resources */ = {isa = PBXBuildFile; fileRef = 68DE992F247C9B6C0078EDD5 /* LaunchScreen.storyboard */; };
		68DE9934247C9B6C0078EDD5 /* main.m in Sources */ = {isa = PBXBuildFile; fileRef = 68DE9933247C9B6C0078EDD5 /* main.m */; };
		68DE993E247C9B6C0078EDD5 /* PaintingliteTests.m in Sources */ = {isa = PBXBuildFile; fileRef = 68DE993D247C9B6C0078EDD5 /* PaintingliteTests.m */; };
		68DE9949247C9B6C0078EDD5 /* PaintingliteUITests.m in Sources */ = {isa = PBXBuildFile; fileRef = 68DE9948247C9B6C0078EDD5 /* PaintingliteUITests.m */; };
		68DE9959247C9C260078EDD5 /* PaintingliteSessionManager.m in Sources */ = {isa = PBXBuildFile; fileRef = 68DE9958247C9C260078EDD5 /* PaintingliteSessionManager.m */; };
		68DE9962247CA1140078EDD5 /* PaintingliteSessionFactory.m in Sources */ = {isa = PBXBuildFile; fileRef = 68DE9961247CA1140078EDD5 /* PaintingliteSessionFactory.m */; };
		68DE9965247CA2490078EDD5 /* PaintingliteConfiguration.m in Sources */ = {isa = PBXBuildFile; fileRef = 68DE9964247CA2490078EDD5 /* PaintingliteConfiguration.m */; };
		68DE9968247CA5870078EDD5 /* PaintingliteSessionError.m in Sources */ = {isa = PBXBuildFile; fileRef = 68DE9967247CA5870078EDD5 /* PaintingliteSessionError.m */; };
		68DE996B247D0B680078EDD5 /* PaintingliteLog.m in Sources */ = {isa = PBXBuildFile; fileRef = 68DE996A247D0B680078EDD5 /* PaintingliteLog.m */; };
		68EB381C249083FD00DFC0CA /* PaintingliteUUID.m in Sources */ = {isa = PBXBuildFile; fileRef = 68EB381B249083FD00DFC0CA /* PaintingliteUUID.m */; };
		68EDCA84248747E200031B41 /* PaintingliteIntellegenceSelect.m in Sources */ = {isa = PBXBuildFile; fileRef = 68EDCA83248747E200031B41 /* PaintingliteIntellegenceSelect.m */; };
		68F260B224D1209700652C03 /* PaintingliteJSContext.m in Sources */ = {isa = PBXBuildFile; fileRef = 68F260B124D1209700652C03 /* PaintingliteJSContext.m */; };
/* End PBXBuildFile section */

/* Begin PBXContainerItemProxy section */
		68DE993A247C9B6C0078EDD5 /* PBXContainerItemProxy */ = {
			isa = PBXContainerItemProxy;
			containerPortal = 68DE9919247C9B6A0078EDD5 /* Project object */;
			proxyType = 1;
			remoteGlobalIDString = 68DE9920247C9B6A0078EDD5;
			remoteInfo = Paintinglite;
		};
		68DE9945247C9B6C0078EDD5 /* PBXContainerItemProxy */ = {
			isa = PBXContainerItemProxy;
			containerPortal = 68DE9919247C9B6A0078EDD5 /* Project object */;
			proxyType = 1;
			remoteGlobalIDString = 68DE9920247C9B6A0078EDD5;
			remoteInfo = Paintinglite;
		};
/* End PBXContainerItemProxy section */

/* Begin PBXFileReference section */
		6800074C2488D19000FF75DE /* PaintingliteCUDOptions.h */ = {isa = PBXFileReference; lastKnownFileType = sourcecode.c.h; path = PaintingliteCUDOptions.h; sourceTree = "<group>"; };
		6800074D2488D19000FF75DE /* PaintingliteCUDOptions.m */ = {isa = PBXFileReference; lastKnownFileType = sourcecode.c.objc; path = PaintingliteCUDOptions.m; sourceTree = "<group>"; };
		680969312481007A00048369 /* PaintingliteTableOptions.h */ = {isa = PBXFileReference; lastKnownFileType = sourcecode.c.h; path = PaintingliteTableOptions.h; sourceTree = "<group>"; };
		680969322481007A00048369 /* PaintingliteTableOptions.m */ = {isa = PBXFileReference; lastKnownFileType = sourcecode.c.objc; path = PaintingliteTableOptions.m; sourceTree = "<group>"; };
		6812B9BC24A59E920091C5EE /* LOGO.txt */ = {isa = PBXFileReference; fileEncoding = 4; lastKnownFileType = text; path = LOGO.txt; sourceTree = "<group>"; };
		68194BDF24CC31E300E57E54 /* user.xml */ = {isa = PBXFileReference; fileEncoding = 4; lastKnownFileType = text.xml; path = user.xml; sourceTree = "<group>"; };
		68194BE124CC565E00E57E54 /* Eletest.h */ = {isa = PBXFileReference; lastKnownFileType = sourcecode.c.h; path = Eletest.h; sourceTree = "<group>"; };
		68194BE224CC565E00E57E54 /* Eletest.m */ = {isa = PBXFileReference; lastKnownFileType = sourcecode.c.objc; path = Eletest.m; sourceTree = "<group>"; };
		68275F082489392F008DE2A9 /* PaintingliteSnapManager.h */ = {isa = PBXFileReference; lastKnownFileType = sourcecode.c.h; path = PaintingliteSnapManager.h; sourceTree = "<group>"; };
		68275F092489392F008DE2A9 /* PaintingliteSnapManager.m */ = {isa = PBXFileReference; lastKnownFileType = sourcecode.c.objc; path = PaintingliteSnapManager.m; sourceTree = "<group>"; };
		6846BC0E2484DD5E00887A5C /* PaintingliteTableOptionsSelectPQL.h */ = {isa = PBXFileReference; lastKnownFileType = sourcecode.c.h; path = PaintingliteTableOptionsSelectPQL.h; sourceTree = "<group>"; };
		6846BC0F2484DD5E00887A5C /* PaintingliteTableOptionsSelectPQL.m */ = {isa = PBXFileReference; lastKnownFileType = sourcecode.c.objc; path = PaintingliteTableOptionsSelectPQL.m; sourceTree = "<group>"; };
		6879F97E248E66F300E66ABB /* PaintingliteCascadeShowerIUD.h */ = {isa = PBXFileReference; lastKnownFileType = sourcecode.c.h; path = PaintingliteCascadeShowerIUD.h; sourceTree = "<group>"; };
		6879F97F248E66F300E66ABB /* PaintingliteCascadeShowerIUD.m */ = {isa = PBXFileReference; lastKnownFileType = sourcecode.c.objc; path = PaintingliteCascadeShowerIUD.m; sourceTree = "<group>"; };
		6883B28824CC2E0500BAA3C2 /* XMLReader.m */ = {isa = PBXFileReference; fileEncoding = 4; lastKnownFileType = sourcecode.c.objc; path = XMLReader.m; sourceTree = "<group>"; };
		6883B28924CC2E0500BAA3C2 /* XMLReader.h */ = {isa = PBXFileReference; fileEncoding = 4; lastKnownFileType = sourcecode.c.h; path = XMLReader.h; sourceTree = "<group>"; };
		6883B28B24CC2F6400BAA3C2 /* PaintingliteXMLSessionManager.h */ = {isa = PBXFileReference; lastKnownFileType = sourcecode.c.h; path = PaintingliteXMLSessionManager.h; sourceTree = "<group>"; };
		6883B28C24CC2F6400BAA3C2 /* PaintingliteXMLSessionManager.m */ = {isa = PBXFileReference; lastKnownFileType = sourcecode.c.objc; path = PaintingliteXMLSessionManager.m; sourceTree = "<group>"; };
		6888B26A24B9BF61003345D9 /* PaintingliteFileManager.h */ = {isa = PBXFileReference; lastKnownFileType = sourcecode.c.h; path = PaintingliteFileManager.h; sourceTree = "<group>"; };
		6888B26B24B9BF61003345D9 /* PaintingliteFileManager.m */ = {isa = PBXFileReference; lastKnownFileType = sourcecode.c.objc; path = PaintingliteFileManager.m; sourceTree = "<group>"; };
		6888B26D24B9DBFA003345D9 /* PaintingliteCache.h */ = {isa = PBXFileReference; lastKnownFileType = sourcecode.c.h; path = PaintingliteCache.h; sourceTree = "<group>"; };
		6888B26E24B9DBFA003345D9 /* PaintingliteCache.m */ = {isa = PBXFileReference; lastKnownFileType = sourcecode.c.objc; path = PaintingliteCache.m; sourceTree = "<group>"; };
		688ED67B24F758150024A921 /* PaintingliteShortcutSQL.h */ = {isa = PBXFileReference; lastKnownFileType = sourcecode.c.h; path = PaintingliteShortcutSQL.h; sourceTree = "<group>"; };
		689E0675247EA79300D6DF95 /* PaintingliteSecurity.h */ = {isa = PBXFileReference; lastKnownFileType = sourcecode.c.h; path = PaintingliteSecurity.h; sourceTree = "<group>"; };
		689E0676247EA79300D6DF95 /* PaintingliteSecurity.m */ = {isa = PBXFileReference; lastKnownFileType = sourcecode.c.objc; path = PaintingliteSecurity.m; sourceTree = "<group>"; };
		689E0678247EACD000D6DF95 /* PaintingliteDataBaseOptions.h */ = {isa = PBXFileReference; lastKnownFileType = sourcecode.c.h; path = PaintingliteDataBaseOptions.h; sourceTree = "<group>"; };
		689E0679247EACD000D6DF95 /* PaintingliteDataBaseOptions.m */ = {isa = PBXFileReference; lastKnownFileType = sourcecode.c.objc; path = PaintingliteDataBaseOptions.m; sourceTree = "<group>"; };
		68A1F056247F9CBF0091EAFB /* PaintingliteExec.h */ = {isa = PBXFileReference; lastKnownFileType = sourcecode.c.h; path = PaintingliteExec.h; sourceTree = "<group>"; };
		68A1F057247F9CBF0091EAFB /* PaintingliteExec.m */ = {isa = PBXFileReference; lastKnownFileType = sourcecode.c.objc; path = PaintingliteExec.m; sourceTree = "<group>"; };
		68B20F1224D40531007522BA /* Bus.h */ = {isa = PBXFileReference; lastKnownFileType = sourcecode.c.h; path = Bus.h; sourceTree = "<group>"; };
		68B20F1324D40531007522BA /* Bus.m */ = {isa = PBXFileReference; lastKnownFileType = sourcecode.c.objc; path = Bus.m; sourceTree = "<group>"; };
		68B84A9E2497B9410021CFC2 /* PaintingliteSplitTable.h */ = {isa = PBXFileReference; lastKnownFileType = sourcecode.c.h; path = PaintingliteSplitTable.h; sourceTree = "<group>"; };
		68B84A9F2497B9410021CFC2 /* PaintingliteSplitTable.m */ = {isa = PBXFileReference; lastKnownFileType = sourcecode.c.objc; path = PaintingliteSplitTable.m; sourceTree = "<group>"; };
		68C2F0A6248B8ECB007ADEB0 /* PaintingliteBackUpManager.h */ = {isa = PBXFileReference; lastKnownFileType = sourcecode.c.h; path = PaintingliteBackUpManager.h; sourceTree = "<group>"; };
		68C2F0A7248B8ECB007ADEB0 /* PaintingliteBackUpManager.m */ = {isa = PBXFileReference; lastKnownFileType = sourcecode.c.objc; path = PaintingliteBackUpManager.m; sourceTree = "<group>"; };
		68C49C772538361E0038A2C3 /* MobileInfo.plist */ = {isa = PBXFileReference; fileEncoding = 4; lastKnownFileType = text.plist.xml; path = MobileInfo.plist; sourceTree = "<group>"; };
		68CE9DBD2483505E00B96DC3 /* PaintingliteTransaction.h */ = {isa = PBXFileReference; lastKnownFileType = sourcecode.c.h; path = PaintingliteTransaction.h; sourceTree = "<group>"; };
		68CE9DBE2483505E00B96DC3 /* PaintingliteTransaction.m */ = {isa = PBXFileReference; lastKnownFileType = sourcecode.c.objc; path = PaintingliteTransaction.m; sourceTree = "<group>"; };
		68CF58A22484D36C0035F188 /* PaintingliteTableOptionsSelect.h */ = {isa = PBXFileReference; lastKnownFileType = sourcecode.c.h; path = PaintingliteTableOptionsSelect.h; sourceTree = "<group>"; };
		68CF58A32484D36C0035F188 /* PaintingliteTableOptionsSelect.m */ = {isa = PBXFileReference; lastKnownFileType = sourcecode.c.objc; path = PaintingliteTableOptionsSelect.m; sourceTree = "<group>"; };
		68CF869B24809DC000755126 /* PaintingliteException.h */ = {isa = PBXFileReference; lastKnownFileType = sourcecode.c.h; path = PaintingliteException.h; sourceTree = "<group>"; };
		68CF869C24809DC000755126 /* PaintingliteException.m */ = {isa = PBXFileReference; lastKnownFileType = sourcecode.c.objc; path = PaintingliteException.m; sourceTree = "<group>"; };
		68D5030524A1E9E0004EC32D /* PaintinglitePressureOS.h */ = {isa = PBXFileReference; lastKnownFileType = sourcecode.c.h; path = PaintinglitePressureOS.h; sourceTree = "<group>"; };
		68D5030624A1E9E0004EC32D /* PaintinglitePressureOS.m */ = {isa = PBXFileReference; lastKnownFileType = sourcecode.c.objc; path = PaintinglitePressureOS.m; sourceTree = "<group>"; };
		68D6B432248DFB32008A2CD6 /* PaintingliteAggregateFunc.h */ = {isa = PBXFileReference; lastKnownFileType = sourcecode.c.h; path = PaintingliteAggregateFunc.h; sourceTree = "<group>"; };
		68D6B433248DFB32008A2CD6 /* PaintingliteAggregateFunc.m */ = {isa = PBXFileReference; lastKnownFileType = sourcecode.c.objc; path = PaintingliteAggregateFunc.m; sourceTree = "<group>"; };
		68D7BB5E247FE56500AB994A /* PaintingliteObjRuntimeProperty.h */ = {isa = PBXFileReference; lastKnownFileType = sourcecode.c.h; path = PaintingliteObjRuntimeProperty.h; sourceTree = "<group>"; };
		68D7BB5F247FE56500AB994A /* PaintingliteObjRuntimeProperty.m */ = {isa = PBXFileReference; lastKnownFileType = sourcecode.c.objc; path = PaintingliteObjRuntimeProperty.m; sourceTree = "<group>"; };
		68DCAAEB2533577000D67C86 /* SSZipArchive.m */ = {isa = PBXFileReference; fileEncoding = 4; lastKnownFileType = sourcecode.c.objc; path = SSZipArchive.m; sourceTree = "<group>"; };
		68DCAAEC2533577000D67C86 /* SSZipCommon.h */ = {isa = PBXFileReference; fileEncoding = 4; lastKnownFileType = sourcecode.c.h; path = SSZipCommon.h; sourceTree = "<group>"; };
		68DCAAED2533577100D67C86 /* ZipArchive.h */ = {isa = PBXFileReference; fileEncoding = 4; lastKnownFileType = sourcecode.c.h; path = ZipArchive.h; sourceTree = "<group>"; };
		68DCAAEE2533577100D67C86 /* SSZipArchive.h */ = {isa = PBXFileReference; fileEncoding = 4; lastKnownFileType = sourcecode.c.h; path = SSZipArchive.h; sourceTree = "<group>"; };
		68DCAAF12533578900D67C86 /* unzip.m */ = {isa = PBXFileReference; fileEncoding = 4; lastKnownFileType = sourcecode.c.objc; path = unzip.m; sourceTree = "<group>"; };
		68DCAAF22533578900D67C86 /* zip.m */ = {isa = PBXFileReference; fileEncoding = 4; lastKnownFileType = sourcecode.c.objc; path = zip.m; sourceTree = "<group>"; };
		68DCAAF32533578900D67C86 /* ioapi.m */ = {isa = PBXFileReference; fileEncoding = 4; lastKnownFileType = sourcecode.c.objc; path = ioapi.m; sourceTree = "<group>"; };
		68DCAAF42533578900D67C86 /* mztools.m */ = {isa = PBXFileReference; fileEncoding = 4; lastKnownFileType = sourcecode.c.objc; path = mztools.m; sourceTree = "<group>"; };
		68DCAAF52533578900D67C86 /* crypt.h */ = {isa = PBXFileReference; fileEncoding = 4; lastKnownFileType = sourcecode.c.h; path = crypt.h; sourceTree = "<group>"; };
		68DCAAF62533578900D67C86 /* zip.h */ = {isa = PBXFileReference; fileEncoding = 4; lastKnownFileType = sourcecode.c.h; path = zip.h; sourceTree = "<group>"; };
		68DCAAF72533578900D67C86 /* unzip.h */ = {isa = PBXFileReference; fileEncoding = 4; lastKnownFileType = sourcecode.c.h; path = unzip.h; sourceTree = "<group>"; };
		68DCAAF82533578900D67C86 /* mztools.h */ = {isa = PBXFileReference; fileEncoding = 4; lastKnownFileType = sourcecode.c.h; path = mztools.h; sourceTree = "<group>"; };
		68DCAAF92533578900D67C86 /* ioapi.h */ = {isa = PBXFileReference; fileEncoding = 4; lastKnownFileType = sourcecode.c.h; path = ioapi.h; sourceTree = "<group>"; };
		68DCAAFF2533579400D67C86 /* aeskey.m */ = {isa = PBXFileReference; fileEncoding = 4; lastKnownFileType = sourcecode.c.objc; path = aeskey.m; sourceTree = "<group>"; };
		68DCAB002533579400D67C86 /* prng.h */ = {isa = PBXFileReference; fileEncoding = 4; lastKnownFileType = sourcecode.c.h; path = prng.h; sourceTree = "<group>"; };
		68DCAB012533579400D67C86 /* hmac.m */ = {isa = PBXFileReference; fileEncoding = 4; lastKnownFileType = sourcecode.c.objc; path = hmac.m; sourceTree = "<group>"; };
		68DCAB022533579400D67C86 /* aestab.h */ = {isa = PBXFileReference; fileEncoding = 4; lastKnownFileType = sourcecode.c.h; path = aestab.h; sourceTree = "<group>"; };
		68DCAB032533579400D67C86 /* pwd2key.h */ = {isa = PBXFileReference; fileEncoding = 4; lastKnownFileType = sourcecode.c.h; path = pwd2key.h; sourceTree = "<group>"; };
		68DCAB042533579400D67C86 /* aescrypt.m */ = {isa = PBXFileReference; fileEncoding = 4; lastKnownFileType = sourcecode.c.objc; path = aescrypt.m; sourceTree = "<group>"; };
		68DCAB052533579400D67C86 /* fileenc.m */ = {isa = PBXFileReference; fileEncoding = 4; lastKnownFileType = sourcecode.c.objc; path = fileenc.m; sourceTree = "<group>"; };
		68DCAB062533579400D67C86 /* aesopt.h */ = {isa = PBXFileReference; fileEncoding = 4; lastKnownFileType = sourcecode.c.h; path = aesopt.h; sourceTree = "<group>"; };
		68DCAB072533579400D67C86 /* aes_via_ace.h */ = {isa = PBXFileReference; fileEncoding = 4; lastKnownFileType = sourcecode.c.h; path = aes_via_ace.h; sourceTree = "<group>"; };
		68DCAB082533579400D67C86 /* sha1.m */ = {isa = PBXFileReference; fileEncoding = 4; lastKnownFileType = sourcecode.c.objc; path = sha1.m; sourceTree = "<group>"; };
		68DCAB092533579400D67C86 /* brg_types.h */ = {isa = PBXFileReference; fileEncoding = 4; lastKnownFileType = sourcecode.c.h; path = brg_types.h; sourceTree = "<group>"; };
		68DCAB0A2533579400D67C86 /* entropy.h */ = {isa = PBXFileReference; fileEncoding = 4; lastKnownFileType = sourcecode.c.h; path = entropy.h; sourceTree = "<group>"; };
		68DCAB0B2533579400D67C86 /* hmac.h */ = {isa = PBXFileReference; fileEncoding = 4; lastKnownFileType = sourcecode.c.h; path = hmac.h; sourceTree = "<group>"; };
		68DCAB0C2533579400D67C86 /* brg_endian.h */ = {isa = PBXFileReference; fileEncoding = 4; lastKnownFileType = sourcecode.c.h; path = brg_endian.h; sourceTree = "<group>"; };
		68DCAB0D2533579400D67C86 /* aes.h */ = {isa = PBXFileReference; fileEncoding = 4; lastKnownFileType = sourcecode.c.h; path = aes.h; sourceTree = "<group>"; };
		68DCAB0E2533579400D67C86 /* prng.m */ = {isa = PBXFileReference; fileEncoding = 4; lastKnownFileType = sourcecode.c.objc; path = prng.m; sourceTree = "<group>"; };
		68DCAB0F2533579400D67C86 /* pwd2key.m */ = {isa = PBXFileReference; fileEncoding = 4; lastKnownFileType = sourcecode.c.objc; path = pwd2key.m; sourceTree = "<group>"; };
		68DCAB102533579400D67C86 /* aestab.m */ = {isa = PBXFileReference; fileEncoding = 4; lastKnownFileType = sourcecode.c.objc; path = aestab.m; sourceTree = "<group>"; };
		68DCAB112533579400D67C86 /* sha1.h */ = {isa = PBXFileReference; fileEncoding = 4; lastKnownFileType = sourcecode.c.h; path = sha1.h; sourceTree = "<group>"; };
		68DCAB122533579400D67C86 /* fileenc.h */ = {isa = PBXFileReference; fileEncoding = 4; lastKnownFileType = sourcecode.c.h; path = fileenc.h; sourceTree = "<group>"; };
		68DCAB132533579400D67C86 /* entropy.m */ = {isa = PBXFileReference; fileEncoding = 4; lastKnownFileType = sourcecode.c.objc; path = entropy.m; sourceTree = "<group>"; };
		68DE9921247C9B6A0078EDD5 /* Paintinglite.app */ = {isa = PBXFileReference; explicitFileType = wrapper.application; includeInIndex = 0; path = Paintinglite.app; sourceTree = BUILT_PRODUCTS_DIR; };
		68DE9924247C9B6A0078EDD5 /* AppDelegate.h */ = {isa = PBXFileReference; lastKnownFileType = sourcecode.c.h; path = AppDelegate.h; sourceTree = "<group>"; };
		68DE9925247C9B6A0078EDD5 /* AppDelegate.m */ = {isa = PBXFileReference; lastKnownFileType = sourcecode.c.objc; path = AppDelegate.m; sourceTree = "<group>"; };
		68DE9927247C9B6A0078EDD5 /* ViewController.h */ = {isa = PBXFileReference; lastKnownFileType = sourcecode.c.h; path = ViewController.h; sourceTree = "<group>"; };
		68DE9928247C9B6A0078EDD5 /* ViewController.m */ = {isa = PBXFileReference; lastKnownFileType = sourcecode.c.objc; path = ViewController.m; sourceTree = "<group>"; };
		68DE992B247C9B6A0078EDD5 /* Base */ = {isa = PBXFileReference; lastKnownFileType = file.storyboard; name = Base; path = Base.lproj/Main.storyboard; sourceTree = "<group>"; };
		68DE992D247C9B6C0078EDD5 /* Assets.xcassets */ = {isa = PBXFileReference; lastKnownFileType = folder.assetcatalog; path = Assets.xcassets; sourceTree = "<group>"; };
		68DE9930247C9B6C0078EDD5 /* Base */ = {isa = PBXFileReference; lastKnownFileType = file.storyboard; name = Base; path = Base.lproj/LaunchScreen.storyboard; sourceTree = "<group>"; };
		68DE9932247C9B6C0078EDD5 /* Info.plist */ = {isa = PBXFileReference; lastKnownFileType = text.plist.xml; path = Info.plist; sourceTree = "<group>"; };
		68DE9933247C9B6C0078EDD5 /* main.m */ = {isa = PBXFileReference; lastKnownFileType = sourcecode.c.objc; path = main.m; sourceTree = "<group>"; };
		68DE9939247C9B6C0078EDD5 /* PaintingliteTests.xctest */ = {isa = PBXFileReference; explicitFileType = wrapper.cfbundle; includeInIndex = 0; path = PaintingliteTests.xctest; sourceTree = BUILT_PRODUCTS_DIR; };
		68DE993D247C9B6C0078EDD5 /* PaintingliteTests.m */ = {isa = PBXFileReference; lastKnownFileType = sourcecode.c.objc; path = PaintingliteTests.m; sourceTree = "<group>"; };
		68DE993F247C9B6C0078EDD5 /* Info.plist */ = {isa = PBXFileReference; lastKnownFileType = text.plist.xml; path = Info.plist; sourceTree = "<group>"; };
		68DE9944247C9B6C0078EDD5 /* PaintingliteUITests.xctest */ = {isa = PBXFileReference; explicitFileType = wrapper.cfbundle; includeInIndex = 0; path = PaintingliteUITests.xctest; sourceTree = BUILT_PRODUCTS_DIR; };
		68DE9948247C9B6C0078EDD5 /* PaintingliteUITests.m */ = {isa = PBXFileReference; lastKnownFileType = sourcecode.c.objc; path = PaintingliteUITests.m; sourceTree = "<group>"; };
		68DE994A247C9B6C0078EDD5 /* Info.plist */ = {isa = PBXFileReference; lastKnownFileType = text.plist.xml; path = Info.plist; sourceTree = "<group>"; };
		68DE9957247C9C260078EDD5 /* PaintingliteSessionManager.h */ = {isa = PBXFileReference; lastKnownFileType = sourcecode.c.h; path = PaintingliteSessionManager.h; sourceTree = "<group>"; };
		68DE9958247C9C260078EDD5 /* PaintingliteSessionManager.m */ = {isa = PBXFileReference; lastKnownFileType = sourcecode.c.objc; path = PaintingliteSessionManager.m; sourceTree = "<group>"; };
		68DE995B247C9C4D0078EDD5 /* libsqlite3.tbd */ = {isa = PBXFileReference; lastKnownFileType = "sourcecode.text-based-dylib-definition"; name = libsqlite3.tbd; path = usr/lib/libsqlite3.tbd; sourceTree = SDKROOT; };
		68DE995D247C9E4A0078EDD5 /* libsqlite3.0.tbd */ = {isa = PBXFileReference; lastKnownFileType = "sourcecode.text-based-dylib-definition"; name = libsqlite3.0.tbd; path = usr/lib/libsqlite3.0.tbd; sourceTree = SDKROOT; };
		68DE9960247CA1140078EDD5 /* PaintingliteSessionFactory.h */ = {isa = PBXFileReference; lastKnownFileType = sourcecode.c.h; path = PaintingliteSessionFactory.h; sourceTree = "<group>"; };
		68DE9961247CA1140078EDD5 /* PaintingliteSessionFactory.m */ = {isa = PBXFileReference; lastKnownFileType = sourcecode.c.objc; path = PaintingliteSessionFactory.m; sourceTree = "<group>"; };
		68DE9963247CA2490078EDD5 /* PaintingliteConfiguration.h */ = {isa = PBXFileReference; lastKnownFileType = sourcecode.c.h; path = PaintingliteConfiguration.h; sourceTree = "<group>"; };
		68DE9964247CA2490078EDD5 /* PaintingliteConfiguration.m */ = {isa = PBXFileReference; lastKnownFileType = sourcecode.c.objc; path = PaintingliteConfiguration.m; sourceTree = "<group>"; };
		68DE9966247CA5870078EDD5 /* PaintingliteSessionError.h */ = {isa = PBXFileReference; lastKnownFileType = sourcecode.c.h; path = PaintingliteSessionError.h; sourceTree = "<group>"; };
		68DE9967247CA5870078EDD5 /* PaintingliteSessionError.m */ = {isa = PBXFileReference; lastKnownFileType = sourcecode.c.objc; path = PaintingliteSessionError.m; sourceTree = "<group>"; };
		68DE9969247D0B680078EDD5 /* PaintingliteLog.h */ = {isa = PBXFileReference; lastKnownFileType = sourcecode.c.h; path = PaintingliteLog.h; sourceTree = "<group>"; };
		68DE996A247D0B680078EDD5 /* PaintingliteLog.m */ = {isa = PBXFileReference; lastKnownFileType = sourcecode.c.objc; path = PaintingliteLog.m; sourceTree = "<group>"; };
		68EB381A249083FD00DFC0CA /* PaintingliteUUID.h */ = {isa = PBXFileReference; lastKnownFileType = sourcecode.c.h; path = PaintingliteUUID.h; sourceTree = "<group>"; };
		68EB381B249083FD00DFC0CA /* PaintingliteUUID.m */ = {isa = PBXFileReference; lastKnownFileType = sourcecode.c.objc; path = PaintingliteUUID.m; sourceTree = "<group>"; };
		68EDCA82248747E200031B41 /* PaintingliteIntellegenceSelect.h */ = {isa = PBXFileReference; lastKnownFileType = sourcecode.c.h; path = PaintingliteIntellegenceSelect.h; sourceTree = "<group>"; };
		68EDCA83248747E200031B41 /* PaintingliteIntellegenceSelect.m */ = {isa = PBXFileReference; lastKnownFileType = sourcecode.c.objc; path = PaintingliteIntellegenceSelect.m; sourceTree = "<group>"; };
		68EDCA852487A57700031B41 /* PaintingliteExecHeader.h */ = {isa = PBXFileReference; lastKnownFileType = sourcecode.c.h; path = PaintingliteExecHeader.h; sourceTree = "<group>"; };
		68F260B024D1209700652C03 /* PaintingliteJSContext.h */ = {isa = PBXFileReference; lastKnownFileType = sourcecode.c.h; path = PaintingliteJSContext.h; sourceTree = "<group>"; };
		68F260B124D1209700652C03 /* PaintingliteJSContext.m */ = {isa = PBXFileReference; lastKnownFileType = sourcecode.c.objc; path = PaintingliteJSContext.m; sourceTree = "<group>"; };
/* End PBXFileReference section */

/* Begin PBXFrameworksBuildPhase section */
		68DE991E247C9B6A0078EDD5 /* Frameworks */ = {
			isa = PBXFrameworksBuildPhase;
			buildActionMask = 2147483647;
			files = (
				68D6B431248DF72E008A2CD6 /* libsqlite3.tbd in Frameworks */,
			);
			runOnlyForDeploymentPostprocessing = 0;
		};
		68DE9936247C9B6C0078EDD5 /* Frameworks */ = {
			isa = PBXFrameworksBuildPhase;
			buildActionMask = 2147483647;
			files = (
			);
			runOnlyForDeploymentPostprocessing = 0;
		};
		68DE9941247C9B6C0078EDD5 /* Frameworks */ = {
			isa = PBXFrameworksBuildPhase;
			buildActionMask = 2147483647;
			files = (
			);
			runOnlyForDeploymentPostprocessing = 0;
		};
/* End PBXFrameworksBuildPhase section */

/* Begin PBXGroup section */
		68DCAAF02533578900D67C86 /* minizip */ = {
			isa = PBXGroup;
			children = (
				68DCAAF12533578900D67C86 /* unzip.m */,
				68DCAAF22533578900D67C86 /* zip.m */,
				68DCAAF32533578900D67C86 /* ioapi.m */,
				68DCAAF42533578900D67C86 /* mztools.m */,
				68DCAAF52533578900D67C86 /* crypt.h */,
				68DCAAF62533578900D67C86 /* zip.h */,
				68DCAAF72533578900D67C86 /* unzip.h */,
				68DCAAF82533578900D67C86 /* mztools.h */,
				68DCAAF92533578900D67C86 /* ioapi.h */,
			);
			path = minizip;
			sourceTree = "<group>";
		};
		68DCAAFE2533579400D67C86 /* aes */ = {
			isa = PBXGroup;
			children = (
				68DCAAFF2533579400D67C86 /* aeskey.m */,
				68DCAB002533579400D67C86 /* prng.h */,
				68DCAB012533579400D67C86 /* hmac.m */,
				68DCAB022533579400D67C86 /* aestab.h */,
				68DCAB032533579400D67C86 /* pwd2key.h */,
				68DCAB042533579400D67C86 /* aescrypt.m */,
				68DCAB052533579400D67C86 /* fileenc.m */,
				68DCAB062533579400D67C86 /* aesopt.h */,
				68DCAB072533579400D67C86 /* aes_via_ace.h */,
				68DCAB082533579400D67C86 /* sha1.m */,
				68DCAB092533579400D67C86 /* brg_types.h */,
				68DCAB0A2533579400D67C86 /* entropy.h */,
				68DCAB0B2533579400D67C86 /* hmac.h */,
				68DCAB0C2533579400D67C86 /* brg_endian.h */,
				68DCAB0D2533579400D67C86 /* aes.h */,
				68DCAB0E2533579400D67C86 /* prng.m */,
				68DCAB0F2533579400D67C86 /* pwd2key.m */,
				68DCAB102533579400D67C86 /* aestab.m */,
				68DCAB112533579400D67C86 /* sha1.h */,
				68DCAB122533579400D67C86 /* fileenc.h */,
				68DCAB132533579400D67C86 /* entropy.m */,
			);
			path = aes;
			sourceTree = "<group>";
		};
		68DE9918247C9B6A0078EDD5 = {
			isa = PBXGroup;
			children = (
				68DE9923247C9B6A0078EDD5 /* Paintinglite */,
				68DE993C247C9B6C0078EDD5 /* PaintingliteTests */,
				68DE9947247C9B6C0078EDD5 /* PaintingliteUITests */,
				68DE9922247C9B6A0078EDD5 /* Products */,
				68DE995A247C9C4D0078EDD5 /* Frameworks */,
			);
			sourceTree = "<group>";
		};
		68DE9922247C9B6A0078EDD5 /* Products */ = {
			isa = PBXGroup;
			children = (
				68DE9921247C9B6A0078EDD5 /* Paintinglite.app */,
				68DE9939247C9B6C0078EDD5 /* PaintingliteTests.xctest */,
				68DE9944247C9B6C0078EDD5 /* PaintingliteUITests.xctest */,
			);
			name = Products;
			sourceTree = "<group>";
		};
		68DE9923247C9B6A0078EDD5 /* Paintinglite */ = {
			isa = PBXGroup;
			children = (
				68DE9956247C9B9F0078EDD5 /* Paintinglite */,
				68DE9924247C9B6A0078EDD5 /* AppDelegate.h */,
				68DE9925247C9B6A0078EDD5 /* AppDelegate.m */,
				68DE9927247C9B6A0078EDD5 /* ViewController.h */,
				68DE9928247C9B6A0078EDD5 /* ViewController.m */,
				68194BE124CC565E00E57E54 /* Eletest.h */,
				68194BE224CC565E00E57E54 /* Eletest.m */,
				68B20F1224D40531007522BA /* Bus.h */,
				68B20F1324D40531007522BA /* Bus.m */,
				68194BDF24CC31E300E57E54 /* user.xml */,
				68DE992A247C9B6A0078EDD5 /* Main.storyboard */,
				68DE992D247C9B6C0078EDD5 /* Assets.xcassets */,
				68DE992F247C9B6C0078EDD5 /* LaunchScreen.storyboard */,
				68DE9932247C9B6C0078EDD5 /* Info.plist */,
				68DE9933247C9B6C0078EDD5 /* main.m */,
			);
			path = Paintinglite;
			sourceTree = "<group>";
		};
		68DE993C247C9B6C0078EDD5 /* PaintingliteTests */ = {
			isa = PBXGroup;
			children = (
				68DE993D247C9B6C0078EDD5 /* PaintingliteTests.m */,
				68DE993F247C9B6C0078EDD5 /* Info.plist */,
			);
			path = PaintingliteTests;
			sourceTree = "<group>";
		};
		68DE9947247C9B6C0078EDD5 /* PaintingliteUITests */ = {
			isa = PBXGroup;
			children = (
				68DE9948247C9B6C0078EDD5 /* PaintingliteUITests.m */,
				68DE994A247C9B6C0078EDD5 /* Info.plist */,
			);
			path = PaintingliteUITests;
			sourceTree = "<group>";
		};
		68DE9956247C9B9F0078EDD5 /* Paintinglite */ = {
			isa = PBXGroup;
			children = (
				68DCAAFE2533579400D67C86 /* aes */,
				68DCAAF02533578900D67C86 /* minizip */,
				68DCAAEE2533577100D67C86 /* SSZipArchive.h */,
				68DCAAEB2533577000D67C86 /* SSZipArchive.m */,
				68DCAAEC2533577000D67C86 /* SSZipCommon.h */,
				68DCAAED2533577100D67C86 /* ZipArchive.h */,
				688ED67B24F758150024A921 /* PaintingliteShortcutSQL.h */,
				68DE9957247C9C260078EDD5 /* PaintingliteSessionManager.h */,
				68DE9958247C9C260078EDD5 /* PaintingliteSessionManager.m */,
				6888B26A24B9BF61003345D9 /* PaintingliteFileManager.h */,
				6888B26B24B9BF61003345D9 /* PaintingliteFileManager.m */,
				6888B26D24B9DBFA003345D9 /* PaintingliteCache.h */,
				6888B26E24B9DBFA003345D9 /* PaintingliteCache.m */,
				68DE9960247CA1140078EDD5 /* PaintingliteSessionFactory.h */,
				68DE9961247CA1140078EDD5 /* PaintingliteSessionFactory.m */,
				68DE9963247CA2490078EDD5 /* PaintingliteConfiguration.h */,
				68DE9964247CA2490078EDD5 /* PaintingliteConfiguration.m */,
				689E0678247EACD000D6DF95 /* PaintingliteDataBaseOptions.h */,
				689E0679247EACD000D6DF95 /* PaintingliteDataBaseOptions.m */,
				680969312481007A00048369 /* PaintingliteTableOptions.h */,
				680969322481007A00048369 /* PaintingliteTableOptions.m */,
				68CF58A22484D36C0035F188 /* PaintingliteTableOptionsSelect.h */,
				68CF58A32484D36C0035F188 /* PaintingliteTableOptionsSelect.m */,
				6846BC0E2484DD5E00887A5C /* PaintingliteTableOptionsSelectPQL.h */,
				6846BC0F2484DD5E00887A5C /* PaintingliteTableOptionsSelectPQL.m */,
				68EDCA82248747E200031B41 /* PaintingliteIntellegenceSelect.h */,
				68EDCA83248747E200031B41 /* PaintingliteIntellegenceSelect.m */,
				68D6B432248DFB32008A2CD6 /* PaintingliteAggregateFunc.h */,
				68D6B433248DFB32008A2CD6 /* PaintingliteAggregateFunc.m */,
				6800074C2488D19000FF75DE /* PaintingliteCUDOptions.h */,
				6800074D2488D19000FF75DE /* PaintingliteCUDOptions.m */,
				6879F97E248E66F300E66ABB /* PaintingliteCascadeShowerIUD.h */,
				6879F97F248E66F300E66ABB /* PaintingliteCascadeShowerIUD.m */,
				68CE9DBD2483505E00B96DC3 /* PaintingliteTransaction.h */,
				68CE9DBE2483505E00B96DC3 /* PaintingliteTransaction.m */,
				68A1F056247F9CBF0091EAFB /* PaintingliteExec.h */,
				68A1F057247F9CBF0091EAFB /* PaintingliteExec.m */,
				68CF869B24809DC000755126 /* PaintingliteException.h */,
				68CF869C24809DC000755126 /* PaintingliteException.m */,
				68D7BB5E247FE56500AB994A /* PaintingliteObjRuntimeProperty.h */,
				68D7BB5F247FE56500AB994A /* PaintingliteObjRuntimeProperty.m */,
				68DE9966247CA5870078EDD5 /* PaintingliteSessionError.h */,
				68DE9967247CA5870078EDD5 /* PaintingliteSessionError.m */,
				689E0675247EA79300D6DF95 /* PaintingliteSecurity.h */,
				689E0676247EA79300D6DF95 /* PaintingliteSecurity.m */,
				68275F082489392F008DE2A9 /* PaintingliteSnapManager.h */,
				68275F092489392F008DE2A9 /* PaintingliteSnapManager.m */,
				68D5030524A1E9E0004EC32D /* PaintinglitePressureOS.h */,
				68D5030624A1E9E0004EC32D /* PaintinglitePressureOS.m */,
				68DE9969247D0B680078EDD5 /* PaintingliteLog.h */,
				68DE996A247D0B680078EDD5 /* PaintingliteLog.m */,
				68C2F0A6248B8ECB007ADEB0 /* PaintingliteBackUpManager.h */,
				68C2F0A7248B8ECB007ADEB0 /* PaintingliteBackUpManager.m */,
				68B84A9E2497B9410021CFC2 /* PaintingliteSplitTable.h */,
				68B84A9F2497B9410021CFC2 /* PaintingliteSplitTable.m */,
				68EB381A249083FD00DFC0CA /* PaintingliteUUID.h */,
				68EB381B249083FD00DFC0CA /* PaintingliteUUID.m */,
				68EDCA852487A57700031B41 /* PaintingliteExecHeader.h */,
				6883B28B24CC2F6400BAA3C2 /* PaintingliteXMLSessionManager.h */,
				6883B28C24CC2F6400BAA3C2 /* PaintingliteXMLSessionManager.m */,
				6883B28924CC2E0500BAA3C2 /* XMLReader.h */,
				6883B28824CC2E0500BAA3C2 /* XMLReader.m */,
				68F260B024D1209700652C03 /* PaintingliteJSContext.h */,
				68F260B124D1209700652C03 /* PaintingliteJSContext.m */,
				68C49C772538361E0038A2C3 /* MobileInfo.plist */,
				6812B9BC24A59E920091C5EE /* LOGO.txt */,
			);
			path = Paintinglite;
			sourceTree = "<group>";
		};
		68DE995A247C9C4D0078EDD5 /* Frameworks */ = {
			isa = PBXGroup;
			children = (
				68DE995D247C9E4A0078EDD5 /* libsqlite3.0.tbd */,
				68DE995B247C9C4D0078EDD5 /* libsqlite3.tbd */,
			);
			name = Frameworks;
			sourceTree = "<group>";
		};
/* End PBXGroup section */

/* Begin PBXNativeTarget section */
		68DE9920247C9B6A0078EDD5 /* Paintinglite */ = {
			isa = PBXNativeTarget;
			buildConfigurationList = 68DE994D247C9B6C0078EDD5 /* Build configuration list for PBXNativeTarget "Paintinglite" */;
			buildPhases = (
				68DE991D247C9B6A0078EDD5 /* Sources */,
				68DE991E247C9B6A0078EDD5 /* Frameworks */,
				68DE991F247C9B6A0078EDD5 /* Resources */,
			);
			buildRules = (
			);
			dependencies = (
			);
			name = Paintinglite;
			productName = Paintinglite;
			productReference = 68DE9921247C9B6A0078EDD5 /* Paintinglite.app */;
			productType = "com.apple.product-type.application";
		};
		68DE9938247C9B6C0078EDD5 /* PaintingliteTests */ = {
			isa = PBXNativeTarget;
			buildConfigurationList = 68DE9950247C9B6C0078EDD5 /* Build configuration list for PBXNativeTarget "PaintingliteTests" */;
			buildPhases = (
				68DE9935247C9B6C0078EDD5 /* Sources */,
				68DE9936247C9B6C0078EDD5 /* Frameworks */,
				68DE9937247C9B6C0078EDD5 /* Resources */,
			);
			buildRules = (
			);
			dependencies = (
				68DE993B247C9B6C0078EDD5 /* PBXTargetDependency */,
			);
			name = PaintingliteTests;
			productName = PaintingliteTests;
			productReference = 68DE9939247C9B6C0078EDD5 /* PaintingliteTests.xctest */;
			productType = "com.apple.product-type.bundle.unit-test";
		};
		68DE9943247C9B6C0078EDD5 /* PaintingliteUITests */ = {
			isa = PBXNativeTarget;
			buildConfigurationList = 68DE9953247C9B6C0078EDD5 /* Build configuration list for PBXNativeTarget "PaintingliteUITests" */;
			buildPhases = (
				68DE9940247C9B6C0078EDD5 /* Sources */,
				68DE9941247C9B6C0078EDD5 /* Frameworks */,
				68DE9942247C9B6C0078EDD5 /* Resources */,
			);
			buildRules = (
			);
			dependencies = (
				68DE9946247C9B6C0078EDD5 /* PBXTargetDependency */,
			);
			name = PaintingliteUITests;
			productName = PaintingliteUITests;
			productReference = 68DE9944247C9B6C0078EDD5 /* PaintingliteUITests.xctest */;
			productType = "com.apple.product-type.bundle.ui-testing";
		};
/* End PBXNativeTarget section */

/* Begin PBXProject section */
		68DE9919247C9B6A0078EDD5 /* Project object */ = {
			isa = PBXProject;
			attributes = {
				CLASSPREFIX = Paintinglite;
				LastUpgradeCheck = 1010;
				ORGANIZATIONNAME = "Bryant Reyn";
				TargetAttributes = {
					68DE9920247C9B6A0078EDD5 = {
						CreatedOnToolsVersion = 10.1;
					};
					68DE9938247C9B6C0078EDD5 = {
						CreatedOnToolsVersion = 10.1;
						TestTargetID = 68DE9920247C9B6A0078EDD5;
					};
					68DE9943247C9B6C0078EDD5 = {
						CreatedOnToolsVersion = 10.1;
						TestTargetID = 68DE9920247C9B6A0078EDD5;
					};
				};
			};
			buildConfigurationList = 68DE991C247C9B6A0078EDD5 /* Build configuration list for PBXProject "Paintinglite" */;
			compatibilityVersion = "Xcode 9.3";
			developmentRegion = en;
			hasScannedForEncodings = 0;
			knownRegions = (
				en,
				Base,
			);
			mainGroup = 68DE9918247C9B6A0078EDD5;
			productRefGroup = 68DE9922247C9B6A0078EDD5 /* Products */;
			projectDirPath = "";
			projectRoot = "";
			targets = (
				68DE9920247C9B6A0078EDD5 /* Paintinglite */,
				68DE9938247C9B6C0078EDD5 /* PaintingliteTests */,
				68DE9943247C9B6C0078EDD5 /* PaintingliteUITests */,
			);
		};
/* End PBXProject section */

/* Begin PBXResourcesBuildPhase section */
		68DE991F247C9B6A0078EDD5 /* Resources */ = {
			isa = PBXResourcesBuildPhase;
			buildActionMask = 2147483647;
			files = (
				68DE9931247C9B6C0078EDD5 /* LaunchScreen.storyboard in Resources */,
				68194BE024CC31E400E57E54 /* user.xml in Resources */,
				68DE992E247C9B6C0078EDD5 /* Assets.xcassets in Resources */,
				68DE992C247C9B6A0078EDD5 /* Main.storyboard in Resources */,
				68C49C782538361E0038A2C3 /* MobileInfo.plist in Resources */,
				6812B9BD24A59E920091C5EE /* LOGO.txt in Resources */,
			);
			runOnlyForDeploymentPostprocessing = 0;
		};
		68DE9937247C9B6C0078EDD5 /* Resources */ = {
			isa = PBXResourcesBuildPhase;
			buildActionMask = 2147483647;
			files = (
			);
			runOnlyForDeploymentPostprocessing = 0;
		};
		68DE9942247C9B6C0078EDD5 /* Resources */ = {
			isa = PBXResourcesBuildPhase;
			buildActionMask = 2147483647;
			files = (
			);
			runOnlyForDeploymentPostprocessing = 0;
		};
/* End PBXResourcesBuildPhase section */

/* Begin PBXSourcesBuildPhase section */
		68DE991D247C9B6A0078EDD5 /* Sources */ = {
			isa = PBXSourcesBuildPhase;
			buildActionMask = 2147483647;
			files = (
				68DCAB192533579400D67C86 /* prng.m in Sources */,
				68DCAB182533579400D67C86 /* sha1.m in Sources */,
				68B20F1424D40531007522BA /* Bus.m in Sources */,
				68DCAB1C2533579400D67C86 /* entropy.m in Sources */,
				68DE9929247C9B6A0078EDD5 /* ViewController.m in Sources */,
				68EDCA84248747E200031B41 /* PaintingliteIntellegenceSelect.m in Sources */,
				68275F0A2489392F008DE2A9 /* PaintingliteSnapManager.m in Sources */,
				68DE9934247C9B6C0078EDD5 /* main.m in Sources */,
				68D7BB60247FE56500AB994A /* PaintingliteObjRuntimeProperty.m in Sources */,
				68CF58A42484D36C0035F188 /* PaintingliteTableOptionsSelect.m in Sources */,
				68D6B434248DFB32008A2CD6 /* PaintingliteAggregateFunc.m in Sources */,
				68DE9965247CA2490078EDD5 /* PaintingliteConfiguration.m in Sources */,
				68DE9968247CA5870078EDD5 /* PaintingliteSessionError.m in Sources */,
				68DCAB152533579400D67C86 /* hmac.m in Sources */,
				68CF869D24809DC000755126 /* PaintingliteException.m in Sources */,
				68194BE324CC565E00E57E54 /* Eletest.m in Sources */,
				68DCAB1B2533579400D67C86 /* aestab.m in Sources */,
				68DE9959247C9C260078EDD5 /* PaintingliteSessionManager.m in Sources */,
				68DCAB1A2533579400D67C86 /* pwd2key.m in Sources */,
				6883B28A24CC2E0500BAA3C2 /* XMLReader.m in Sources */,
				6879F980248E66F300E66ABB /* PaintingliteCascadeShowerIUD.m in Sources */,
				6800074E2488D19000FF75DE /* PaintingliteCUDOptions.m in Sources */,
				68DE9926247C9B6A0078EDD5 /* AppDelegate.m in Sources */,
				68DCAB172533579400D67C86 /* fileenc.m in Sources */,
				68DE996B247D0B680078EDD5 /* PaintingliteLog.m in Sources */,
				689E067A247EACD000D6DF95 /* PaintingliteDataBaseOptions.m in Sources */,
				68D5030724A1E9E0004EC32D /* PaintinglitePressureOS.m in Sources */,
				68DCAB142533579400D67C86 /* aeskey.m in Sources */,
				68DCAB162533579400D67C86 /* aescrypt.m in Sources */,
				68DCAAEF2533577100D67C86 /* SSZipArchive.m in Sources */,
				68DE9962247CA1140078EDD5 /* PaintingliteSessionFactory.m in Sources */,
				68DCAAFD2533578900D67C86 /* mztools.m in Sources */,
				68EB381C249083FD00DFC0CA /* PaintingliteUUID.m in Sources */,
				6883B28D24CC2F6400BAA3C2 /* PaintingliteXMLSessionManager.m in Sources */,
				6846BC102484DD5E00887A5C /* PaintingliteTableOptionsSelectPQL.m in Sources */,
				68C2F0A8248B8ECB007ADEB0 /* PaintingliteBackUpManager.m in Sources */,
				689E0677247EA79300D6DF95 /* PaintingliteSecurity.m in Sources */,
				68DCAAFC2533578900D67C86 /* ioapi.m in Sources */,
				68DCAAFB2533578900D67C86 /* zip.m in Sources */,
				6888B26C24B9BF61003345D9 /* PaintingliteFileManager.m in Sources */,
				68A1F058247F9CBF0091EAFB /* PaintingliteExec.m in Sources */,
				6888B26F24B9DBFA003345D9 /* PaintingliteCache.m in Sources */,
				68F260B224D1209700652C03 /* PaintingliteJSContext.m in Sources */,
				68DCAAFA2533578900D67C86 /* unzip.m in Sources */,
				68CE9DBF2483505E00B96DC3 /* PaintingliteTransaction.m in Sources */,
				680969332481007A00048369 /* PaintingliteTableOptions.m in Sources */,
				68B84AA02497B9410021CFC2 /* PaintingliteSplitTable.m in Sources */,
			);
			runOnlyForDeploymentPostprocessing = 0;
		};
		68DE9935247C9B6C0078EDD5 /* Sources */ = {
			isa = PBXSourcesBuildPhase;
			buildActionMask = 2147483647;
			files = (
				68DE993E247C9B6C0078EDD5 /* PaintingliteTests.m in Sources */,
			);
			runOnlyForDeploymentPostprocessing = 0;
		};
		68DE9940247C9B6C0078EDD5 /* Sources */ = {
			isa = PBXSourcesBuildPhase;
			buildActionMask = 2147483647;
			files = (
				68DE9949247C9B6C0078EDD5 /* PaintingliteUITests.m in Sources */,
			);
			runOnlyForDeploymentPostprocessing = 0;
		};
/* End PBXSourcesBuildPhase section */

/* Begin PBXTargetDependency section */
		68DE993B247C9B6C0078EDD5 /* PBXTargetDependency */ = {
			isa = PBXTargetDependency;
			target = 68DE9920247C9B6A0078EDD5 /* Paintinglite */;
			targetProxy = 68DE993A247C9B6C0078EDD5 /* PBXContainerItemProxy */;
		};
		68DE9946247C9B6C0078EDD5 /* PBXTargetDependency */ = {
			isa = PBXTargetDependency;
			target = 68DE9920247C9B6A0078EDD5 /* Paintinglite */;
			targetProxy = 68DE9945247C9B6C0078EDD5 /* PBXContainerItemProxy */;
		};
/* End PBXTargetDependency section */

/* Begin PBXVariantGroup section */
		68DE992A247C9B6A0078EDD5 /* Main.storyboard */ = {
			isa = PBXVariantGroup;
			children = (
				68DE992B247C9B6A0078EDD5 /* Base */,
			);
			name = Main.storyboard;
			sourceTree = "<group>";
		};
		68DE992F247C9B6C0078EDD5 /* LaunchScreen.storyboard */ = {
			isa = PBXVariantGroup;
			children = (
				68DE9930247C9B6C0078EDD5 /* Base */,
			);
			name = LaunchScreen.storyboard;
			sourceTree = "<group>";
		};
/* End PBXVariantGroup section */

/* Begin XCBuildConfiguration section */
		68DE994B247C9B6C0078EDD5 /* Debug */ = {
			isa = XCBuildConfiguration;
			buildSettings = {
				ALWAYS_SEARCH_USER_PATHS = NO;
				CLANG_ANALYZER_NONNULL = YES;
				CLANG_ANALYZER_NUMBER_OBJECT_CONVERSION = YES_AGGRESSIVE;
				CLANG_CXX_LANGUAGE_STANDARD = "gnu++14";
				CLANG_CXX_LIBRARY = "libc++";
				CLANG_ENABLE_MODULES = YES;
				CLANG_ENABLE_OBJC_ARC = YES;
				CLANG_ENABLE_OBJC_WEAK = YES;
				CLANG_WARN_BLOCK_CAPTURE_AUTORELEASING = YES;
				CLANG_WARN_BOOL_CONVERSION = YES;
				CLANG_WARN_COMMA = YES;
				CLANG_WARN_CONSTANT_CONVERSION = YES;
				CLANG_WARN_DEPRECATED_OBJC_IMPLEMENTATIONS = YES;
				CLANG_WARN_DIRECT_OBJC_ISA_USAGE = YES_ERROR;
				CLANG_WARN_DOCUMENTATION_COMMENTS = YES;
				CLANG_WARN_EMPTY_BODY = YES;
				CLANG_WARN_ENUM_CONVERSION = YES;
				CLANG_WARN_INFINITE_RECURSION = YES;
				CLANG_WARN_INT_CONVERSION = YES;
				CLANG_WARN_NON_LITERAL_NULL_CONVERSION = YES;
				CLANG_WARN_OBJC_IMPLICIT_RETAIN_SELF = YES;
				CLANG_WARN_OBJC_LITERAL_CONVERSION = YES;
				CLANG_WARN_OBJC_ROOT_CLASS = YES_ERROR;
				CLANG_WARN_RANGE_LOOP_ANALYSIS = YES;
				CLANG_WARN_STRICT_PROTOTYPES = YES;
				CLANG_WARN_SUSPICIOUS_MOVE = YES;
				CLANG_WARN_UNGUARDED_AVAILABILITY = YES_AGGRESSIVE;
				CLANG_WARN_UNREACHABLE_CODE = YES;
				CLANG_WARN__DUPLICATE_METHOD_MATCH = YES;
				CODE_SIGN_IDENTITY = "iPhone Developer";
				COPY_PHASE_STRIP = NO;
				DEBUG_INFORMATION_FORMAT = dwarf;
				ENABLE_STRICT_OBJC_MSGSEND = YES;
				ENABLE_TESTABILITY = YES;
				GCC_C_LANGUAGE_STANDARD = gnu11;
				GCC_DYNAMIC_NO_PIC = NO;
				GCC_NO_COMMON_BLOCKS = YES;
				GCC_OPTIMIZATION_LEVEL = 0;
				GCC_PREPROCESSOR_DEFINITIONS = (
					"DEBUG=1",
					"$(inherited)",
				);
				GCC_WARN_64_TO_32_BIT_CONVERSION = YES;
				GCC_WARN_ABOUT_RETURN_TYPE = YES_ERROR;
				GCC_WARN_UNDECLARED_SELECTOR = YES;
				GCC_WARN_UNINITIALIZED_AUTOS = YES_AGGRESSIVE;
				GCC_WARN_UNUSED_FUNCTION = YES;
				GCC_WARN_UNUSED_VARIABLE = YES;
				IPHONEOS_DEPLOYMENT_TARGET = 12.2;
				MTL_ENABLE_DEBUG_INFO = INCLUDE_SOURCE;
				MTL_FAST_MATH = YES;
				ONLY_ACTIVE_ARCH = YES;
				SDKROOT = iphoneos;
			};
			name = Debug;
		};
		68DE994C247C9B6C0078EDD5 /* Release */ = {
			isa = XCBuildConfiguration;
			buildSettings = {
				ALWAYS_SEARCH_USER_PATHS = NO;
				CLANG_ANALYZER_NONNULL = YES;
				CLANG_ANALYZER_NUMBER_OBJECT_CONVERSION = YES_AGGRESSIVE;
				CLANG_CXX_LANGUAGE_STANDARD = "gnu++14";
				CLANG_CXX_LIBRARY = "libc++";
				CLANG_ENABLE_MODULES = YES;
				CLANG_ENABLE_OBJC_ARC = YES;
				CLANG_ENABLE_OBJC_WEAK = YES;
				CLANG_WARN_BLOCK_CAPTURE_AUTORELEASING = YES;
				CLANG_WARN_BOOL_CONVERSION = YES;
				CLANG_WARN_COMMA = YES;
				CLANG_WARN_CONSTANT_CONVERSION = YES;
				CLANG_WARN_DEPRECATED_OBJC_IMPLEMENTATIONS = YES;
				CLANG_WARN_DIRECT_OBJC_ISA_USAGE = YES_ERROR;
				CLANG_WARN_DOCUMENTATION_COMMENTS = YES;
				CLANG_WARN_EMPTY_BODY = YES;
				CLANG_WARN_ENUM_CONVERSION = YES;
				CLANG_WARN_INFINITE_RECURSION = YES;
				CLANG_WARN_INT_CONVERSION = YES;
				CLANG_WARN_NON_LITERAL_NULL_CONVERSION = YES;
				CLANG_WARN_OBJC_IMPLICIT_RETAIN_SELF = YES;
				CLANG_WARN_OBJC_LITERAL_CONVERSION = YES;
				CLANG_WARN_OBJC_ROOT_CLASS = YES_ERROR;
				CLANG_WARN_RANGE_LOOP_ANALYSIS = YES;
				CLANG_WARN_STRICT_PROTOTYPES = YES;
				CLANG_WARN_SUSPICIOUS_MOVE = YES;
				CLANG_WARN_UNGUARDED_AVAILABILITY = YES_AGGRESSIVE;
				CLANG_WARN_UNREACHABLE_CODE = YES;
				CLANG_WARN__DUPLICATE_METHOD_MATCH = YES;
				CODE_SIGN_IDENTITY = "iPhone Developer";
				COPY_PHASE_STRIP = NO;
				DEBUG_INFORMATION_FORMAT = "dwarf-with-dsym";
				ENABLE_NS_ASSERTIONS = NO;
				ENABLE_STRICT_OBJC_MSGSEND = YES;
				GCC_C_LANGUAGE_STANDARD = gnu11;
				GCC_NO_COMMON_BLOCKS = YES;
				GCC_WARN_64_TO_32_BIT_CONVERSION = YES;
				GCC_WARN_ABOUT_RETURN_TYPE = YES_ERROR;
				GCC_WARN_UNDECLARED_SELECTOR = YES;
				GCC_WARN_UNINITIALIZED_AUTOS = YES_AGGRESSIVE;
				GCC_WARN_UNUSED_FUNCTION = YES;
				GCC_WARN_UNUSED_VARIABLE = YES;
				IPHONEOS_DEPLOYMENT_TARGET = 12.2;
				MTL_ENABLE_DEBUG_INFO = NO;
				MTL_FAST_MATH = YES;
				SDKROOT = iphoneos;
				VALIDATE_PRODUCT = YES;
			};
			name = Release;
		};
		68DE994E247C9B6C0078EDD5 /* Debug */ = {
			isa = XCBuildConfiguration;
			buildSettings = {
				ASSETCATALOG_COMPILER_APPICON_NAME = AppIcon;
				CODE_SIGN_STYLE = Automatic;
				DEVELOPMENT_TEAM = Z4ZKC7258G;
				INFOPLIST_FILE = Paintinglite/Info.plist;
				IPHONEOS_DEPLOYMENT_TARGET = 12;
				LD_RUNPATH_SEARCH_PATHS = (
					"$(inherited)",
					"@executable_path/Frameworks",
				);
				PRODUCT_BUNDLE_IDENTIFIER = com.crimsonresearch.Paintinglite;
				PRODUCT_NAME = "$(TARGET_NAME)";
				TARGETED_DEVICE_FAMILY = "1,2";
			};
			name = Debug;
		};
		68DE994F247C9B6C0078EDD5 /* Release */ = {
			isa = XCBuildConfiguration;
			buildSettings = {
				ASSETCATALOG_COMPILER_APPICON_NAME = AppIcon;
				CODE_SIGN_STYLE = Automatic;
				DEVELOPMENT_TEAM = Z4ZKC7258G;
				INFOPLIST_FILE = Paintinglite/Info.plist;
				IPHONEOS_DEPLOYMENT_TARGET = 12;
				LD_RUNPATH_SEARCH_PATHS = (
					"$(inherited)",
					"@executable_path/Frameworks",
				);
				PRODUCT_BUNDLE_IDENTIFIER = com.crimsonresearch.Paintinglite;
				PRODUCT_NAME = "$(TARGET_NAME)";
				TARGETED_DEVICE_FAMILY = "1,2";
			};
			name = Release;
		};
		68DE9951247C9B6C0078EDD5 /* Debug */ = {
			isa = XCBuildConfiguration;
			buildSettings = {
				BUNDLE_LOADER = "$(TEST_HOST)";
				CODE_SIGN_STYLE = Automatic;
				INFOPLIST_FILE = PaintingliteTests/Info.plist;
				LD_RUNPATH_SEARCH_PATHS = (
					"$(inherited)",
					"@executable_path/Frameworks",
					"@loader_path/Frameworks",
				);
				PRODUCT_BUNDLE_IDENTIFIER = com.crimsonresearch.PaintingliteTests;
				PRODUCT_NAME = "$(TARGET_NAME)";
				TARGETED_DEVICE_FAMILY = "1,2";
				TEST_HOST = "$(BUILT_PRODUCTS_DIR)/Paintinglite.app/Paintinglite";
			};
			name = Debug;
		};
		68DE9952247C9B6C0078EDD5 /* Release */ = {
			isa = XCBuildConfiguration;
			buildSettings = {
				BUNDLE_LOADER = "$(TEST_HOST)";
				CODE_SIGN_STYLE = Automatic;
				INFOPLIST_FILE = PaintingliteTests/Info.plist;
				LD_RUNPATH_SEARCH_PATHS = (
					"$(inherited)",
					"@executable_path/Frameworks",
					"@loader_path/Frameworks",
				);
				PRODUCT_BUNDLE_IDENTIFIER = com.crimsonresearch.PaintingliteTests;
				PRODUCT_NAME = "$(TARGET_NAME)";
				TARGETED_DEVICE_FAMILY = "1,2";
				TEST_HOST = "$(BUILT_PRODUCTS_DIR)/Paintinglite.app/Paintinglite";
			};
			name = Release;
		};
		68DE9954247C9B6C0078EDD5 /* Debug */ = {
			isa = XCBuildConfiguration;
			buildSettings = {
				CODE_SIGN_STYLE = Automatic;
				INFOPLIST_FILE = PaintingliteUITests/Info.plist;
				LD_RUNPATH_SEARCH_PATHS = (
					"$(inherited)",
					"@executable_path/Frameworks",
					"@loader_path/Frameworks",
				);
				PRODUCT_BUNDLE_IDENTIFIER = com.crimsonresearch.PaintingliteUITests;
				PRODUCT_NAME = "$(TARGET_NAME)";
				TARGETED_DEVICE_FAMILY = "1,2";
				TEST_TARGET_NAME = Paintinglite;
			};
			name = Debug;
		};
		68DE9955247C9B6C0078EDD5 /* Release */ = {
			isa = XCBuildConfiguration;
			buildSettings = {
				CODE_SIGN_STYLE = Automatic;
				INFOPLIST_FILE = PaintingliteUITests/Info.plist;
				LD_RUNPATH_SEARCH_PATHS = (
					"$(inherited)",
					"@executable_path/Frameworks",
					"@loader_path/Frameworks",
				);
				PRODUCT_BUNDLE_IDENTIFIER = com.crimsonresearch.PaintingliteUITests;
				PRODUCT_NAME = "$(TARGET_NAME)";
				TARGETED_DEVICE_FAMILY = "1,2";
				TEST_TARGET_NAME = Paintinglite;
			};
			name = Release;
		};
/* End XCBuildConfiguration section */

/* Begin XCConfigurationList section */
		68DE991C247C9B6A0078EDD5 /* Build configuration list for PBXProject "Paintinglite" */ = {
			isa = XCConfigurationList;
			buildConfigurations = (
				68DE994B247C9B6C0078EDD5 /* Debug */,
				68DE994C247C9B6C0078EDD5 /* Release */,
			);
			defaultConfigurationIsVisible = 0;
			defaultConfigurationName = Release;
		};
		68DE994D247C9B6C0078EDD5 /* Build configuration list for PBXNativeTarget "Paintinglite" */ = {
			isa = XCConfigurationList;
			buildConfigurations = (
				68DE994E247C9B6C0078EDD5 /* Debug */,
				68DE994F247C9B6C0078EDD5 /* Release */,
			);
			defaultConfigurationIsVisible = 0;
			defaultConfigurationName = Release;
		};
		68DE9950247C9B6C0078EDD5 /* Build configuration list for PBXNativeTarget "PaintingliteTests" */ = {
			isa = XCConfigurationList;
			buildConfigurations = (
				68DE9951247C9B6C0078EDD5 /* Debug */,
				68DE9952247C9B6C0078EDD5 /* Release */,
			);
			defaultConfigurationIsVisible = 0;
			defaultConfigurationName = Release;
		};
		68DE9953247C9B6C0078EDD5 /* Build configuration list for PBXNativeTarget "PaintingliteUITests" */ = {
			isa = XCConfigurationList;
			buildConfigurations = (
				68DE9954247C9B6C0078EDD5 /* Debug */,
				68DE9955247C9B6C0078EDD5 /* Release */,
			);
			defaultConfigurationIsVisible = 0;
			defaultConfigurationName = Release;
		};
/* End XCConfigurationList section */
	};
	rootObject = 68DE9919247C9B6A0078EDD5 /* Project object */;
}
